
Microsoft Visual Studio Solution File, Format Version 12.00
# Visual Studio Version 16
VisualStudioVersion = 16.0.29613.14
MinimumVisualStudioVersion = 10.0.40219.1
Project("{FAE04EC0-301F-11D3-BF4B-00C04F79EFBC}") = "Sol_Employee_List_MVC", "Sol_Employee_List_MVC\Sol_Employee_List_MVC.csproj", "{BE2E3111-5E0E-4BE3-B543-C6F8532AEA29}"
EndProject
Global
	GlobalSection(SolutionConfigurationPlatforms) = preSolution
		Debug|Any CPU = Debug|Any CPU
		Release|Any CPU = Release|Any CPU
	EndGlobalSection
	GlobalSection(ProjectConfigurationPlatforms) = postSolution
		{BE2E3111-5E0E-4BE3-B543-C6F8532AEA29}.Debug|Any CPU.ActiveCfg = Debug|Any CPU
		{BE2E3111-5E0E-4BE3-B543-C6F8532AEA29}.Debug|Any CPU.Build.0 = Debug|Any CPU
		{BE2E3111-5E0E-4BE3-B543-C6F8532AEA29}.Release|Any CPU.ActiveCfg = Release|Any CPU
		{BE2E3111-5E0E-4BE3-B543-C6F8532AEA29}.Release|Any CPU.Build.0 = Release|Any CPU
	EndGlobalSection
	GlobalSection(SolutionProperties) = preSolution
		HideSolutionNode = FALSE
	EndGlobalSection
	GlobalSection(ExtensibilityGlobals) = postSolution
		SolutionGuid = {00CE4E6B-9B6E-46B8-BFC6-80EE81AA5914}
	EndGlobalSection
EndGlobal
